
Microsoft Visual Studio Solution File, Format Version 12.00
# Visual Studio Version 17
VisualStudioVersion = 17.4.33205.214
MinimumVisualStudioVersion = 10.0.40219.1
Project("{8BC9CEB8-8B4A-11D0-8D11-00A0C91BC942}") = "Wicked Game", "VS_Raylib_Test\VS_Raylib_Test.vcxproj", "{B230DDC1-FCC3-49AC-B9EA-C026DED0739B}"
EndProject
Global
	GlobalSection(SolutionConfigurationPlatforms) = preSolution
		Debug|x64 = Debug|x64
		Debug|x86 = Debug|x86
		Release|x64 = Release|x64
		Release|x86 = Release|x86
	EndGlobalSection
	GlobalSection(ProjectConfigurationPlatforms) = postSolution
		{B230DDC1-FCC3-49AC-B9EA-C026DED0739B}.Debug|x64.ActiveCfg = Debug|x64
		{B230DDC1-FCC3-49AC-B9EA-C026DED0739B}.Debug|x64.Build.0 = Debug|x64
		{B230DDC1-FCC3-49AC-B9EA-C026DED0739B}.Debug|x86.ActiveCfg = Debug|Win32
		{B230DDC1-FCC3-49AC-B9EA-C026DED0739B}.Debug|x86.Build.0 = Debug|Win32
		{B230DDC1-FCC3-49AC-B9EA-C026DED0739B}.Release|x64.ActiveCfg = Release|x64
		{B230DDC1-FCC3-49AC-B9EA-C026DED0739B}.Release|x64.Build.0 = Release|x64
		{B230DDC1-FCC3-49AC-B9EA-C026DED0739B}.Release|x86.ActiveCfg = Release|Win32
		{B230DDC1-FCC3-49AC-B9EA-C026DED0739B}.Release|x86.Build.0 = Release|Win32
	EndGlobalSection
	GlobalSection(SolutionProperties) = preSolution
		HideSolutionNode = FALSE
	EndGlobalSection
	GlobalSection(ExtensibilityGlobals) = postSolution
		SolutionGuid = {A8ACD40E-3FB5-44F8-8E01-871326567EAE}
	EndGlobalSection
EndGlobal
